
Microsoft Visual Studio Solution File, Format Version 12.00
Project("{FAE04EC0-301F-11D3-BF4B-00C04F79EFBC}") = "laba7", "laba7\laba7.csproj", "{14D9AAD9-F0E4-4F5A-B192-413A590D52FD}"
EndProject
Global
	GlobalSection(SolutionConfigurationPlatforms) = preSolution
		Debug|Any CPU = Debug|Any CPU
		Release|Any CPU = Release|Any CPU
	EndGlobalSection
	GlobalSection(ProjectConfigurationPlatforms) = postSolution
		{14D9AAD9-F0E4-4F5A-B192-413A590D52FD}.Debug|Any CPU.ActiveCfg = Debug|Any CPU
		{14D9AAD9-F0E4-4F5A-B192-413A590D52FD}.Debug|Any CPU.Build.0 = Debug|Any CPU
		{14D9AAD9-F0E4-4F5A-B192-413A590D52FD}.Release|Any CPU.ActiveCfg = Release|Any CPU
		{14D9AAD9-F0E4-4F5A-B192-413A590D52FD}.Release|Any CPU.Build.0 = Release|Any CPU
	EndGlobalSection
EndGlobal
